
Microsoft Visual Studio Solution File, Format Version 12.00
# Visual Studio Version 17
VisualStudioVersion = 17.4.33103.184
MinimumVisualStudioVersion = 10.0.40219.1
Project("{FAE04EC0-301F-11D3-BF4B-00C04F79EFBC}") = "Banken", "Banken\Banken.csproj", "{37F4730C-6B4C-4FEF-BC44-2BD0EB3D0F41}"
EndProject
Global
	GlobalSection(SolutionConfigurationPlatforms) = preSolution
		Debug|Any CPU = Debug|Any CPU
		Release|Any CPU = Release|Any CPU
	EndGlobalSection
	GlobalSection(ProjectConfigurationPlatforms) = postSolution
		{37F4730C-6B4C-4FEF-BC44-2BD0EB3D0F41}.Debug|Any CPU.ActiveCfg = Debug|Any CPU
		{37F4730C-6B4C-4FEF-BC44-2BD0EB3D0F41}.Debug|Any CPU.Build.0 = Debug|Any CPU
		{37F4730C-6B4C-4FEF-BC44-2BD0EB3D0F41}.Release|Any CPU.ActiveCfg = Release|Any CPU
		{37F4730C-6B4C-4FEF-BC44-2BD0EB3D0F41}.Release|Any CPU.Build.0 = Release|Any CPU
	EndGlobalSection
	GlobalSection(SolutionProperties) = preSolution
		HideSolutionNode = FALSE
	EndGlobalSection
	GlobalSection(ExtensibilityGlobals) = postSolution
		SolutionGuid = {6DADECC5-A6FD-4678-B7CE-6EE903892BB0}
	EndGlobalSection
EndGlobal
